
Microsoft Visual Studio Solution File, Format Version 12.00
# Visual Studio Version 17
VisualStudioVersion = 17.8.34408.163
MinimumVisualStudioVersion = 10.0.40219.1
Project("{9A19103F-16F7-4668-BE54-9A1E7A4F7556}") = "Generics4", "Generics4.csproj", "{83E34179-36B0-4366-B678-461CB79F5DF2}"
EndProject
Project("{FAE04EC0-301F-11D3-BF4B-00C04F79EFBC}") = "Generics6", "..\Generics6\Generics6.csproj", "{ACBC3978-F8F8-4A90-8BE6-826F41C54A63}"
EndProject
Global
	GlobalSection(SolutionConfigurationPlatforms) = preSolution
		Debug|Any CPU = Debug|Any CPU
		Release|Any CPU = Release|Any CPU
	EndGlobalSection
	GlobalSection(ProjectConfigurationPlatforms) = postSolution
		{83E34179-36B0-4366-B678-461CB79F5DF2}.Debug|Any CPU.ActiveCfg = Debug|Any CPU
		{83E34179-36B0-4366-B678-461CB79F5DF2}.Debug|Any CPU.Build.0 = Debug|Any CPU
		{83E34179-36B0-4366-B678-461CB79F5DF2}.Release|Any CPU.ActiveCfg = Release|Any CPU
		{83E34179-36B0-4366-B678-461CB79F5DF2}.Release|Any CPU.Build.0 = Release|Any CPU
		{ACBC3978-F8F8-4A90-8BE6-826F41C54A63}.Debug|Any CPU.ActiveCfg = Debug|Any CPU
		{ACBC3978-F8F8-4A90-8BE6-826F41C54A63}.Debug|Any CPU.Build.0 = Debug|Any CPU
		{ACBC3978-F8F8-4A90-8BE6-826F41C54A63}.Release|Any CPU.ActiveCfg = Release|Any CPU
		{ACBC3978-F8F8-4A90-8BE6-826F41C54A63}.Release|Any CPU.Build.0 = Release|Any CPU
	EndGlobalSection
	GlobalSection(SolutionProperties) = preSolution
		HideSolutionNode = FALSE
	EndGlobalSection
	GlobalSection(ExtensibilityGlobals) = postSolution
		SolutionGuid = {9AFF5474-8FAF-4C4D-B7DA-B3011326F79C}
	EndGlobalSection
EndGlobal
